
Microsoft Visual Studio Solution File, Format Version 12.00
# Visual Studio Version 17
VisualStudioVersion = 17.0.31903.59
MinimumVisualStudioVersion = 10.0.40219.1
Project("{2150E333-8FDC-42A3-9474-1A3956D46DE8}") = "src", "src", "{442FC5DC-C1DB-417B-9BFD-4A2786555749}"
EndProject
Project("{FAE04EC0-301F-11D3-BF4B-00C04F79EFBC}") = "Hippocampus.Api", "src\Hippocampus.Api\Hippocampus.Api.csproj", "{66C55B6C-1EDD-4116-9715-88E488B452BC}"
EndProject
Project("{2150E333-8FDC-42A3-9474-1A3956D46DE8}") = "tests", "tests", "{4D1AA090-68F4-4A67-B882-9E7B2ACB446B}"
EndProject
Project("{FAE04EC0-301F-11D3-BF4B-00C04F79EFBC}") = "Hippocampus.Tests.Common", "tests\Hippocampus.Tests.Common\Hippocampus.Tests.Common.csproj", "{17C89ABE-3B9E-4C60-A6F0-877358FFCFBF}"
EndProject
Project("{FAE04EC0-301F-11D3-BF4B-00C04F79EFBC}") = "Hippocampus.Tests.Integration", "tests\Hippocampus.Tests.Integration\Hippocampus.Tests.Integration.csproj", "{34914371-1249-45D4-8337-1DBDB26D7AC8}"
EndProject
Project("{FAE04EC0-301F-11D3-BF4B-00C04F79EFBC}") = "Hippocampus.Tests.Unit", "tests\Hippocampus.Tests.Unit\Hippocampus.Tests.Unit.csproj", "{E926A816-5E2B-4BEB-9BDB-A46C4EFF4593}"
EndProject
Global
	GlobalSection(SolutionConfigurationPlatforms) = preSolution
		Debug|Any CPU = Debug|Any CPU
		Release|Any CPU = Release|Any CPU
	EndGlobalSection
	GlobalSection(SolutionProperties) = preSolution
		HideSolutionNode = FALSE
	EndGlobalSection
	GlobalSection(ProjectConfigurationPlatforms) = postSolution
		{66C55B6C-1EDD-4116-9715-88E488B452BC}.Debug|Any CPU.ActiveCfg = Debug|Any CPU
		{66C55B6C-1EDD-4116-9715-88E488B452BC}.Debug|Any CPU.Build.0 = Debug|Any CPU
		{66C55B6C-1EDD-4116-9715-88E488B452BC}.Release|Any CPU.ActiveCfg = Release|Any CPU
		{66C55B6C-1EDD-4116-9715-88E488B452BC}.Release|Any CPU.Build.0 = Release|Any CPU
		{17C89ABE-3B9E-4C60-A6F0-877358FFCFBF}.Debug|Any CPU.ActiveCfg = Debug|Any CPU
		{17C89ABE-3B9E-4C60-A6F0-877358FFCFBF}.Debug|Any CPU.Build.0 = Debug|Any CPU
		{17C89ABE-3B9E-4C60-A6F0-877358FFCFBF}.Release|Any CPU.ActiveCfg = Release|Any CPU
		{17C89ABE-3B9E-4C60-A6F0-877358FFCFBF}.Release|Any CPU.Build.0 = Release|Any CPU
		{34914371-1249-45D4-8337-1DBDB26D7AC8}.Debug|Any CPU.ActiveCfg = Debug|Any CPU
		{34914371-1249-45D4-8337-1DBDB26D7AC8}.Debug|Any CPU.Build.0 = Debug|Any CPU
		{34914371-1249-45D4-8337-1DBDB26D7AC8}.Release|Any CPU.ActiveCfg = Release|Any CPU
		{34914371-1249-45D4-8337-1DBDB26D7AC8}.Release|Any CPU.Build.0 = Release|Any CPU
		{E926A816-5E2B-4BEB-9BDB-A46C4EFF4593}.Debug|Any CPU.ActiveCfg = Debug|Any CPU
		{E926A816-5E2B-4BEB-9BDB-A46C4EFF4593}.Debug|Any CPU.Build.0 = Debug|Any CPU
		{E926A816-5E2B-4BEB-9BDB-A46C4EFF4593}.Release|Any CPU.ActiveCfg = Release|Any CPU
		{E926A816-5E2B-4BEB-9BDB-A46C4EFF4593}.Release|Any CPU.Build.0 = Release|Any CPU
	EndGlobalSection
	GlobalSection(NestedProjects) = preSolution
		{66C55B6C-1EDD-4116-9715-88E488B452BC} = {442FC5DC-C1DB-417B-9BFD-4A2786555749}
		{17C89ABE-3B9E-4C60-A6F0-877358FFCFBF} = {4D1AA090-68F4-4A67-B882-9E7B2ACB446B}
		{34914371-1249-45D4-8337-1DBDB26D7AC8} = {4D1AA090-68F4-4A67-B882-9E7B2ACB446B}
		{E926A816-5E2B-4BEB-9BDB-A46C4EFF4593} = {4D1AA090-68F4-4A67-B882-9E7B2ACB446B}
	EndGlobalSection
EndGlobal
